
Microsoft Visual Studio Solution File, Format Version 12.00
# Visual Studio Version 17
VisualStudioVersion = 17.14.37628.2 d17.14
MinimumVisualStudioVersion = 10.0.40219.1
Project("{FAE04EC0-301F-11D3-BF4B-00C04F79EFBC}") = "CheckedUncheckedBestPractices", "CheckedUncheckedBestPractices\CheckedUncheckedBestPractices.csproj", "{799BCC7A-DE91-4904-866E-AEA667BAD1E1}"
EndProject
Global
	GlobalSection(SolutionConfigurationPlatforms) = preSolution
		Debug|Any CPU = Debug|Any CPU
		Release|Any CPU = Release|Any CPU
	EndGlobalSection
	GlobalSection(ProjectConfigurationPlatforms) = postSolution
		{799BCC7A-DE91-4904-866E-AEA667BAD1E1}.Debug|Any CPU.ActiveCfg = Debug|Any CPU
		{799BCC7A-DE91-4904-866E-AEA667BAD1E1}.Debug|Any CPU.Build.0 = Debug|Any CPU
		{799BCC7A-DE91-4904-866E-AEA667BAD1E1}.Release|Any CPU.ActiveCfg = Release|Any CPU
		{799BCC7A-DE91-4904-866E-AEA667BAD1E1}.Release|Any CPU.Build.0 = Release|Any CPU
	EndGlobalSection
	GlobalSection(SolutionProperties) = preSolution
		HideSolutionNode = FALSE
	EndGlobalSection
	GlobalSection(ExtensibilityGlobals) = postSolution
		SolutionGuid = {1D2652C0-8231-40D7-B83F-A9961307F7F1}
	EndGlobalSection
EndGlobal
